
Microsoft Visual Studio Solution File, Format Version 12.00
Project("{FAE04EC0-301F-11D3-BF4B-00C04F79EFBC}") = "Generator", "Generator/Generator.csproj", "{184CFEDB-F68D-4BC7-8B14-43A69E3C8E90}"
EndProject
Project("{FAE04EC0-301F-11D3-BF4B-00C04F79EFBC}") = "TestConsoleApp", "TestConsoleApp\TestConsoleApp.csproj", "{C9163075-2FF7-407A-BE3A-65F1E8371EF6}"
EndProject
Project("{FAE04EC0-301F-11D3-BF4B-00C04F79EFBC}") = "Generator-Tests", "Generator-Tests\Generator-Tests.csproj", "{B58CF054-A1B6-4C7A-B64E-AA27FBB7B619}"
EndProject
Global
	GlobalSection(SolutionConfigurationPlatforms) = preSolution
		Debug|Any CPU = Debug|Any CPU
		Release|Any CPU = Release|Any CPU
	EndGlobalSection
	GlobalSection(ProjectConfigurationPlatforms) = postSolution
		{184CFEDB-F68D-4BC7-8B14-43A69E3C8E90}.Debug|Any CPU.ActiveCfg = Debug|Any CPU
		{184CFEDB-F68D-4BC7-8B14-43A69E3C8E90}.Debug|Any CPU.Build.0 = Debug|Any CPU
		{184CFEDB-F68D-4BC7-8B14-43A69E3C8E90}.Release|Any CPU.ActiveCfg = Release|Any CPU
		{184CFEDB-F68D-4BC7-8B14-43A69E3C8E90}.Release|Any CPU.Build.0 = Release|Any CPU
		{C9163075-2FF7-407A-BE3A-65F1E8371EF6}.Debug|Any CPU.ActiveCfg = Debug|Any CPU
		{C9163075-2FF7-407A-BE3A-65F1E8371EF6}.Debug|Any CPU.Build.0 = Debug|Any CPU
		{C9163075-2FF7-407A-BE3A-65F1E8371EF6}.Release|Any CPU.ActiveCfg = Release|Any CPU
		{C9163075-2FF7-407A-BE3A-65F1E8371EF6}.Release|Any CPU.Build.0 = Release|Any CPU
		{B58CF054-A1B6-4C7A-B64E-AA27FBB7B619}.Debug|Any CPU.ActiveCfg = Debug|Any CPU
		{B58CF054-A1B6-4C7A-B64E-AA27FBB7B619}.Debug|Any CPU.Build.0 = Debug|Any CPU
		{B58CF054-A1B6-4C7A-B64E-AA27FBB7B619}.Release|Any CPU.ActiveCfg = Release|Any CPU
		{B58CF054-A1B6-4C7A-B64E-AA27FBB7B619}.Release|Any CPU.Build.0 = Release|Any CPU
	EndGlobalSection
EndGlobal
